
Microsoft Visual Studio Solution File, Format Version 12.00
# Visual Studio 2012
Project("{FAE04EC0-301F-11D3-BF4B-00C04F79EFBC}") = "WindowRandomizer", "WindowRandomizer\WindowRandomizer.csproj", "{D709861E-7712-4C69-A738-7E1F9E7FCD4A}"
EndProject
Global
	GlobalSection(SolutionConfigurationPlatforms) = preSolution
		Debug|Any CPU = Debug|Any CPU
		Release|Any CPU = Release|Any CPU
	EndGlobalSection
	GlobalSection(ProjectConfigurationPlatforms) = postSolution
		{D709861E-7712-4C69-A738-7E1F9E7FCD4A}.Debug|Any CPU.ActiveCfg = Debug|Any CPU
		{D709861E-7712-4C69-A738-7E1F9E7FCD4A}.Debug|Any CPU.Build.0 = Debug|Any CPU
		{D709861E-7712-4C69-A738-7E1F9E7FCD4A}.Release|Any CPU.ActiveCfg = Release|Any CPU
		{D709861E-7712-4C69-A738-7E1F9E7FCD4A}.Release|Any CPU.Build.0 = Release|Any CPU
	EndGlobalSection
	GlobalSection(SolutionProperties) = preSolution
		HideSolutionNode = FALSE
	EndGlobalSection
EndGlobal
